
Microsoft Visual Studio Solution File, Format Version 12.00
# Visual Studio Version 17
VisualStudioVersion = 17.12.35527.113 d17.12
MinimumVisualStudioVersion = 10.0.40219.1
Project("{FAE04EC0-301F-11D3-BF4B-00C04F79EFBC}") = "pedidoweb3", "pedidoweb3.csproj", "{F6BCF3A6-8113-4438-B472-BDAC44170953}"
EndProject
Global
	GlobalSection(SolutionConfigurationPlatforms) = preSolution
		Debug|Any CPU = Debug|Any CPU
		Release|Any CPU = Release|Any CPU
	EndGlobalSection
	GlobalSection(ProjectConfigurationPlatforms) = postSolution
		{F6BCF3A6-8113-4438-B472-BDAC44170953}.Debug|Any CPU.ActiveCfg = Debug|Any CPU
		{F6BCF3A6-8113-4438-B472-BDAC44170953}.Debug|Any CPU.Build.0 = Debug|Any CPU
		{F6BCF3A6-8113-4438-B472-BDAC44170953}.Release|Any CPU.ActiveCfg = Release|Any CPU
		{F6BCF3A6-8113-4438-B472-BDAC44170953}.Release|Any CPU.Build.0 = Release|Any CPU
	EndGlobalSection
	GlobalSection(SolutionProperties) = preSolution
		HideSolutionNode = FALSE
	EndGlobalSection
EndGlobal
